
Microsoft Visual Studio Solution File, Format Version 12.00
# Visual Studio Version 16
VisualStudioVersion = 16.0.810.8
MinimumVisualStudioVersion = 10.0.40219.1
Project("{FAE04EC0-301F-11D3-BF4B-00C04F79EFBC}") = "CadastroDeUsuarios", "CadastroDeUsuarios\CadastroDeUsuarios.csproj", "{2A81A31F-BB29-4A6D-8A57-CDFF56654B42}"
EndProject
Global
	GlobalSection(SolutionConfigurationPlatforms) = preSolution
		Debug|Any CPU = Debug|Any CPU
		Release|Any CPU = Release|Any CPU
	EndGlobalSection
	GlobalSection(ProjectConfigurationPlatforms) = postSolution
		{2A81A31F-BB29-4A6D-8A57-CDFF56654B42}.Debug|Any CPU.ActiveCfg = Debug|Any CPU
		{2A81A31F-BB29-4A6D-8A57-CDFF56654B42}.Debug|Any CPU.Build.0 = Debug|Any CPU
		{2A81A31F-BB29-4A6D-8A57-CDFF56654B42}.Release|Any CPU.ActiveCfg = Release|Any CPU
		{2A81A31F-BB29-4A6D-8A57-CDFF56654B42}.Release|Any CPU.Build.0 = Release|Any CPU
	EndGlobalSection
	GlobalSection(SolutionProperties) = preSolution
		HideSolutionNode = FALSE
	EndGlobalSection
	GlobalSection(ExtensibilityGlobals) = postSolution
		SolutionGuid = {0EA2C047-833D-485E-8055-AFFD5796CDC6}
	EndGlobalSection
EndGlobal
